
Microsoft Visual Studio Solution File, Format Version 12.00
# Visual Studio 15
VisualStudioVersion = 15.0.28010.2003
MinimumVisualStudioVersion = 10.0.40219.1
Project("{FAE04EC0-301F-11D3-BF4B-00C04F79EFBC}") = "WPFDemoIgnite", "WPFDemoIgnite\WPFDemoIgnite.csproj", "{146D76ED-4EE3-4484-9702-311D8E611ACB}"
EndProject
Global
	GlobalSection(SolutionConfigurationPlatforms) = preSolution
		Debug|Any CPU = Debug|Any CPU
		Release|Any CPU = Release|Any CPU
	EndGlobalSection
	GlobalSection(ProjectConfigurationPlatforms) = postSolution
		{146D76ED-4EE3-4484-9702-311D8E611ACB}.Debug|Any CPU.ActiveCfg = Debug|Any CPU
		{146D76ED-4EE3-4484-9702-311D8E611ACB}.Debug|Any CPU.Build.0 = Debug|Any CPU
		{146D76ED-4EE3-4484-9702-311D8E611ACB}.Release|Any CPU.ActiveCfg = Release|Any CPU
		{146D76ED-4EE3-4484-9702-311D8E611ACB}.Release|Any CPU.Build.0 = Release|Any CPU
	EndGlobalSection
	GlobalSection(SolutionProperties) = preSolution
		HideSolutionNode = FALSE
	EndGlobalSection
	GlobalSection(ExtensibilityGlobals) = postSolution
		SolutionGuid = {73DDCBFB-41CF-4EB4-9D90-4D48388BFC55}
	EndGlobalSection
EndGlobal
